
Microsoft Visual Studio Solution File, Format Version 12.00
# Visual Studio Version 17
VisualStudioVersion = 17.1.32210.238
MinimumVisualStudioVersion = 10.0.40219.1
Project("{9A19103F-16F7-4668-BE54-9A1E7A4F7556}") = "JanKIS.API", "JanKIS.API\JanKIS.API.csproj", "{B7108AAD-ABD4-41B3-8387-A68843C44A29}"
EndProject
Project("{9A19103F-16F7-4668-BE54-9A1E7A4F7556}") = "JanKIS.Tools", "JanKIS.Tools\JanKIS.Tools.csproj", "{DD917884-9C8B-42E3-84F4-08E57994DA61}"
EndProject
Project("{9A19103F-16F7-4668-BE54-9A1E7A4F7556}") = "JanKIS.API.Test", "JanKIS.API.Test\JanKIS.API.Test.csproj", "{70746F78-2A77-45E6-BB8B-6C5215AFE30A}"
EndProject
Project("{9A19103F-16F7-4668-BE54-9A1E7A4F7556}") = "HealthModels", "HealthModels\HealthModels.csproj", "{83D05CAE-DDA5-4C69-BD7D-9ADB6C2583EC}"
EndProject
Project("{9A19103F-16F7-4668-BE54-9A1E7A4F7556}") = "HealthSharingPortal.API", "HealthSharingPortal.Api\HealthSharingPortal.API.csproj", "{CBC11F06-BF67-49FE-B83F-60432FA831D1}"
EndProject
Project("{9A19103F-16F7-4668-BE54-9A1E7A4F7556}") = "IcdAnnotation.API", "IcdAnnotation.API\IcdAnnotation.API.csproj", "{790DE262-D5CF-4437-9430-308EC2DD6C0A}"
EndProject
Project("{9A19103F-16F7-4668-BE54-9A1E7A4F7556}") = "IcdAnnotation.API.Tools", "IcdAnnotation.API.Tools\IcdAnnotation.API.Tools.csproj", "{99139A59-5635-496A-A2E1-3992F53E90F9}"
EndProject
Project("{9A19103F-16F7-4668-BE54-9A1E7A4F7556}") = "HealthSharingPortal.Tools", "HealthSharingPortal.Tools\HealthSharingPortal.Tools.csproj", "{3393A42C-2A29-4F97-A97C-9B6C5EBBA331}"
EndProject
Global
	GlobalSection(SolutionConfigurationPlatforms) = preSolution
		Debug|Any CPU = Debug|Any CPU
		Release|Any CPU = Release|Any CPU
	EndGlobalSection
	GlobalSection(ProjectConfigurationPlatforms) = postSolution
		{B7108AAD-ABD4-41B3-8387-A68843C44A29}.Debug|Any CPU.ActiveCfg = Debug|Any CPU
		{B7108AAD-ABD4-41B3-8387-A68843C44A29}.Debug|Any CPU.Build.0 = Debug|Any CPU
		{B7108AAD-ABD4-41B3-8387-A68843C44A29}.Release|Any CPU.ActiveCfg = Release|Any CPU
		{B7108AAD-ABD4-41B3-8387-A68843C44A29}.Release|Any CPU.Build.0 = Release|Any CPU
		{DD917884-9C8B-42E3-84F4-08E57994DA61}.Debug|Any CPU.ActiveCfg = Debug|Any CPU
		{DD917884-9C8B-42E3-84F4-08E57994DA61}.Debug|Any CPU.Build.0 = Debug|Any CPU
		{DD917884-9C8B-42E3-84F4-08E57994DA61}.Release|Any CPU.ActiveCfg = Release|Any CPU
		{DD917884-9C8B-42E3-84F4-08E57994DA61}.Release|Any CPU.Build.0 = Release|Any CPU
		{70746F78-2A77-45E6-BB8B-6C5215AFE30A}.Debug|Any CPU.ActiveCfg = Debug|Any CPU
		{70746F78-2A77-45E6-BB8B-6C5215AFE30A}.Debug|Any CPU.Build.0 = Debug|Any CPU
		{70746F78-2A77-45E6-BB8B-6C5215AFE30A}.Release|Any CPU.ActiveCfg = Release|Any CPU
		{70746F78-2A77-45E6-BB8B-6C5215AFE30A}.Release|Any CPU.Build.0 = Release|Any CPU
		{83D05CAE-DDA5-4C69-BD7D-9ADB6C2583EC}.Debug|Any CPU.ActiveCfg = Debug|Any CPU
		{83D05CAE-DDA5-4C69-BD7D-9ADB6C2583EC}.Debug|Any CPU.Build.0 = Debug|Any CPU
		{83D05CAE-DDA5-4C69-BD7D-9ADB6C2583EC}.Release|Any CPU.ActiveCfg = Release|Any CPU
		{83D05CAE-DDA5-4C69-BD7D-9ADB6C2583EC}.Release|Any CPU.Build.0 = Release|Any CPU
		{CBC11F06-BF67-49FE-B83F-60432FA831D1}.Debug|Any CPU.ActiveCfg = Debug|Any CPU
		{CBC11F06-BF67-49FE-B83F-60432FA831D1}.Debug|Any CPU.Build.0 = Debug|Any CPU
		{CBC11F06-BF67-49FE-B83F-60432FA831D1}.Release|Any CPU.ActiveCfg = Release|Any CPU
		{CBC11F06-BF67-49FE-B83F-60432FA831D1}.Release|Any CPU.Build.0 = Release|Any CPU
		{790DE262-D5CF-4437-9430-308EC2DD6C0A}.Debug|Any CPU.ActiveCfg = Debug|Any CPU
		{790DE262-D5CF-4437-9430-308EC2DD6C0A}.Debug|Any CPU.Build.0 = Debug|Any CPU
		{790DE262-D5CF-4437-9430-308EC2DD6C0A}.Release|Any CPU.ActiveCfg = Release|Any CPU
		{790DE262-D5CF-4437-9430-308EC2DD6C0A}.Release|Any CPU.Build.0 = Release|Any CPU
		{99139A59-5635-496A-A2E1-3992F53E90F9}.Debug|Any CPU.ActiveCfg = Debug|Any CPU
		{99139A59-5635-496A-A2E1-3992F53E90F9}.Debug|Any CPU.Build.0 = Debug|Any CPU
		{99139A59-5635-496A-A2E1-3992F53E90F9}.Release|Any CPU.ActiveCfg = Release|Any CPU
		{99139A59-5635-496A-A2E1-3992F53E90F9}.Release|Any CPU.Build.0 = Release|Any CPU
		{3393A42C-2A29-4F97-A97C-9B6C5EBBA331}.Debug|Any CPU.ActiveCfg = Debug|Any CPU
		{3393A42C-2A29-4F97-A97C-9B6C5EBBA331}.Debug|Any CPU.Build.0 = Debug|Any CPU
		{3393A42C-2A29-4F97-A97C-9B6C5EBBA331}.Release|Any CPU.ActiveCfg = Release|Any CPU
		{3393A42C-2A29-4F97-A97C-9B6C5EBBA331}.Release|Any CPU.Build.0 = Release|Any CPU
	EndGlobalSection
	GlobalSection(SolutionProperties) = preSolution
		HideSolutionNode = FALSE
	EndGlobalSection
	GlobalSection(ExtensibilityGlobals) = postSolution
		SolutionGuid = {BFFE2655-7CDC-4F54-B068-69995B7B729B}
	EndGlobalSection
EndGlobal
